// !$*UTF8*$!
{
	archiveVersion = 1;
	classes = {
	};
	objectVersion = 50;
	objects = {

/* Begin PBXBuildFile section */
		A60D259221C2069000F2BA0D /* User.swift in Sources */ = {isa = PBXBuildFile; fileRef = A60D259121C2069000F2BA0D /* User.swift */; };
		A610F77121BC123700A98DCD /* UConn.swift in Sources */ = {isa = PBXBuildFile; fileRef = A610F77021BC123700A98DCD /* UConn.swift */; };
		A643AEE221C350E900C17808 /* CampusPageViewController.swift in Sources */ = {isa = PBXBuildFile; fileRef = A643AEE021C350E900C17808 /* CampusPageViewController.swift */; };
		A648403321C4059300AB5B96 /* UserTests.swift in Sources */ = {isa = PBXBuildFile; fileRef = A648403221C4059300AB5B96 /* UserTests.swift */; };
		A648403721C405CF00AB5B96 /* CampusTests.swift in Sources */ = {isa = PBXBuildFile; fileRef = A648403621C405CF00AB5B96 /* CampusTests.swift */; };
		A648403921C405E000AB5B96 /* DiningHallTests.swift in Sources */ = {isa = PBXBuildFile; fileRef = A648403821C405E000AB5B96 /* DiningHallTests.swift */; };
		A648403B21C405F000AB5B96 /* DayTests.swift in Sources */ = {isa = PBXBuildFile; fileRef = A648403A21C405F000AB5B96 /* DayTests.swift */; };
		A648403D21C4060600AB5B96 /* MealTests.swift in Sources */ = {isa = PBXBuildFile; fileRef = A648403C21C4060600AB5B96 /* MealTests.swift */; };
		A648403F21C4061800AB5B96 /* StationTests.swift in Sources */ = {isa = PBXBuildFile; fileRef = A648403E21C4061800AB5B96 /* StationTests.swift */; };
		A648404121C4062F00AB5B96 /* UConnTests.swift in Sources */ = {isa = PBXBuildFile; fileRef = A648404021C4062F00AB5B96 /* UConnTests.swift */; };
		A648404321C4064300AB5B96 /* MenuClientTests.swift in Sources */ = {isa = PBXBuildFile; fileRef = A648404221C4064300AB5B96 /* MenuClientTests.swift */; };
		A648404521C4065300AB5B96 /* HTMLParserTests.swift in Sources */ = {isa = PBXBuildFile; fileRef = A648404421C4065300AB5B96 /* HTMLParserTests.swift */; };
		A648404721C4067000AB5B96 /* DiningHall+DateTests.swift in Sources */ = {isa = PBXBuildFile; fileRef = A648404621C4067000AB5B96 /* DiningHall+DateTests.swift */; };
		A66533B421C5FB09002D65C8 /* DayViewController.swift in Sources */ = {isa = PBXBuildFile; fileRef = A66533B221C5FB09002D65C8 /* DayViewController.swift */; };
		A66533B521C5FB09002D65C8 /* DayViewController.xib in Resources */ = {isa = PBXBuildFile; fileRef = A66533B321C5FB09002D65C8 /* DayViewController.xib */; };
		A66533B721C5FC2B002D65C8 /* FavoritesTableViewController.swift in Sources */ = {isa = PBXBuildFile; fileRef = A66533B621C5FC2B002D65C8 /* FavoritesTableViewController.swift */; };
		A66533BA21C600E2002D65C8 /* FavoriteTableViewCell.swift in Sources */ = {isa = PBXBuildFile; fileRef = A66533B821C600E2002D65C8 /* FavoriteTableViewCell.swift */; };
		A66533BB21C600E2002D65C8 /* FavoriteTableViewCell.xib in Resources */ = {isa = PBXBuildFile; fileRef = A66533B921C600E2002D65C8 /* FavoriteTableViewCell.xib */; };
		A666BA9621BF56F600F078F0 /* DiningHallsViewController.swift in Sources */ = {isa = PBXBuildFile; fileRef = A666BA9421BF56F600F078F0 /* DiningHallsViewController.swift */; };
		A666BA9721BF56F600F078F0 /* DiningHallsViewController.xib in Resources */ = {isa = PBXBuildFile; fileRef = A666BA9521BF56F600F078F0 /* DiningHallsViewController.xib */; };
		A67DA85F21C0B0B80011D91B /* DiningHallTableViewCell.swift in Sources */ = {isa = PBXBuildFile; fileRef = A67DA85D21C0B0B80011D91B /* DiningHallTableViewCell.swift */; };
		A67DA86021C0B0B80011D91B /* DiningHallTableViewCell.xib in Resources */ = {isa = PBXBuildFile; fileRef = A67DA85E21C0B0B80011D91B /* DiningHallTableViewCell.xib */; };
		A681C35421C6CF85002A44E4 /* MealSelectionBarCell.swift in Sources */ = {isa = PBXBuildFile; fileRef = A681C35221C6CF85002A44E4 /* MealSelectionBarCell.swift */; };
		A681C35521C6CF85002A44E4 /* MealSelectionBarCell.xib in Resources */ = {isa = PBXBuildFile; fileRef = A681C35321C6CF85002A44E4 /* MealSelectionBarCell.xib */; };
		A6D01A0D21C885BC007BD8E1 /* MealOptionsCell.swift in Sources */ = {isa = PBXBuildFile; fileRef = A6D01A0B21C885BC007BD8E1 /* MealOptionsCell.swift */; };
		A6D01A0E21C885BC007BD8E1 /* MealOptionsCell.xib in Resources */ = {isa = PBXBuildFile; fileRef = A6D01A0C21C885BC007BD8E1 /* MealOptionsCell.xib */; };
		A6D01A1421C88A38007BD8E1 /* OptionTableViewCell.swift in Sources */ = {isa = PBXBuildFile; fileRef = A6D01A1221C88A38007BD8E1 /* OptionTableViewCell.swift */; };
		A6D01A1521C88A38007BD8E1 /* OptionTableViewCell.xib in Resources */ = {isa = PBXBuildFile; fileRef = A6D01A1321C88A38007BD8E1 /* OptionTableViewCell.xib */; };
		A6F34EE721BA158200CD3B32 /* AppDelegate.swift in Sources */ = {isa = PBXBuildFile; fileRef = A6F34EE621BA158200CD3B32 /* AppDelegate.swift */; };
		A6F34EEE21BA158300CD3B32 /* Assets.xcassets in Resources */ = {isa = PBXBuildFile; fileRef = A6F34EED21BA158300CD3B32 /* Assets.xcassets */; };
		A6F34EF121BA158300CD3B32 /* LaunchScreen.storyboard in Resources */ = {isa = PBXBuildFile; fileRef = A6F34EEF21BA158300CD3B32 /* LaunchScreen.storyboard */; };
		A6F34F0721BA186D00CD3B32 /* MenuClient.swift in Sources */ = {isa = PBXBuildFile; fileRef = A6F34F0621BA186D00CD3B32 /* MenuClient.swift */; };
		A6F34F0921BA1A4900CD3B32 /* DiningHall.swift in Sources */ = {isa = PBXBuildFile; fileRef = A6F34F0821BA1A4900CD3B32 /* DiningHall.swift */; };
		A6F34F0C21BA1C4500CD3B32 /* Day.swift in Sources */ = {isa = PBXBuildFile; fileRef = A6F34F0B21BA1C4500CD3B32 /* Day.swift */; };
		A6F34F0E21BA1C5400CD3B32 /* Meal.swift in Sources */ = {isa = PBXBuildFile; fileRef = A6F34F0D21BA1C5400CD3B32 /* Meal.swift */; };
		A6F34F1021BA1D5800CD3B32 /* Station.swift in Sources */ = {isa = PBXBuildFile; fileRef = A6F34F0F21BA1D5800CD3B32 /* Station.swift */; };
		A6F34F1221BA229000CD3B32 /* HTMLParser.swift in Sources */ = {isa = PBXBuildFile; fileRef = A6F34F1121BA229000CD3B32 /* HTMLParser.swift */; };
		A6F34F1621BA261A00CD3B32 /* Campus.swift in Sources */ = {isa = PBXBuildFile; fileRef = A6F34F1521BA261A00CD3B32 /* Campus.swift */; };
		A6FE50D921BEE1EC0071C67F /* DiningPaws+Date.swift in Sources */ = {isa = PBXBuildFile; fileRef = A6FE50D821BEE1EC0071C67F /* DiningPaws+Date.swift */; };
		A6FE50E021BEF8C10071C67F /* Default-568h@2x.png in Resources */ = {isa = PBXBuildFile; fileRef = A6FE50DF21BEF8C10071C67F /* Default-568h@2x.png */; };
/* End PBXBuildFile section */

/* Begin PBXContainerItemProxy section */
		A6FE50EA21BEFC2D0071C67F /* PBXContainerItemProxy */ = {
			isa = PBXContainerItemProxy;
			containerPortal = A6F34EDB21BA158200CD3B32 /* Project object */;
			proxyType = 1;
			remoteGlobalIDString = A6F34EE221BA158200CD3B32;
			remoteInfo = DiningPaws;
		};
/* End PBXContainerItemProxy section */

/* Begin PBXFileReference section */
		A60D259121C2069000F2BA0D /* User.swift */ = {isa = PBXFileReference; lastKnownFileType = sourcecode.swift; path = User.swift; sourceTree = "<group>"; };
		A610F77021BC123700A98DCD /* UConn.swift */ = {isa = PBXFileReference; lastKnownFileType = sourcecode.swift; name = UConn.swift; path = DiningPaws/Model/UConn.swift; sourceTree = SOURCE_ROOT; };
		A643AEE021C350E900C17808 /* CampusPageViewController.swift */ = {isa = PBXFileReference; lastKnownFileType = sourcecode.swift; path = CampusPageViewController.swift; sourceTree = "<group>"; };
		A648403221C4059300AB5B96 /* UserTests.swift */ = {isa = PBXFileReference; lastKnownFileType = sourcecode.swift; path = UserTests.swift; sourceTree = "<group>"; };
		A648403621C405CF00AB5B96 /* CampusTests.swift */ = {isa = PBXFileReference; lastKnownFileType = sourcecode.swift; path = CampusTests.swift; sourceTree = "<group>"; };
		A648403821C405E000AB5B96 /* DiningHallTests.swift */ = {isa = PBXFileReference; lastKnownFileType = sourcecode.swift; path = DiningHallTests.swift; sourceTree = "<group>"; };
		A648403A21C405F000AB5B96 /* DayTests.swift */ = {isa = PBXFileReference; lastKnownFileType = sourcecode.swift; path = DayTests.swift; sourceTree = "<group>"; };
		A648403C21C4060600AB5B96 /* MealTests.swift */ = {isa = PBXFileReference; lastKnownFileType = sourcecode.swift; path = MealTests.swift; sourceTree = "<group>"; };
		A648403E21C4061800AB5B96 /* StationTests.swift */ = {isa = PBXFileReference; lastKnownFileType = sourcecode.swift; path = StationTests.swift; sourceTree = "<group>"; };
		A648404021C4062F00AB5B96 /* UConnTests.swift */ = {isa = PBXFileReference; lastKnownFileType = sourcecode.swift; path = UConnTests.swift; sourceTree = "<group>"; };
		A648404221C4064300AB5B96 /* MenuClientTests.swift */ = {isa = PBXFileReference; lastKnownFileType = sourcecode.swift; path = MenuClientTests.swift; sourceTree = "<group>"; };
		A648404421C4065300AB5B96 /* HTMLParserTests.swift */ = {isa = PBXFileReference; lastKnownFileType = sourcecode.swift; path = HTMLParserTests.swift; sourceTree = "<group>"; };
		A648404621C4067000AB5B96 /* DiningHall+DateTests.swift */ = {isa = PBXFileReference; lastKnownFileType = sourcecode.swift; path = "DiningHall+DateTests.swift"; sourceTree = "<group>"; };
		A66533B221C5FB09002D65C8 /* DayViewController.swift */ = {isa = PBXFileReference; lastKnownFileType = sourcecode.swift; path = DayViewController.swift; sourceTree = "<group>"; };
		A66533B321C5FB09002D65C8 /* DayViewController.xib */ = {isa = PBXFileReference; lastKnownFileType = file.xib; path = DayViewController.xib; sourceTree = "<group>"; };
		A66533B621C5FC2B002D65C8 /* FavoritesTableViewController.swift */ = {isa = PBXFileReference; lastKnownFileType = sourcecode.swift; path = FavoritesTableViewController.swift; sourceTree = "<group>"; };
		A66533B821C600E2002D65C8 /* FavoriteTableViewCell.swift */ = {isa = PBXFileReference; lastKnownFileType = sourcecode.swift; path = FavoriteTableViewCell.swift; sourceTree = "<group>"; };
		A66533B921C600E2002D65C8 /* FavoriteTableViewCell.xib */ = {isa = PBXFileReference; lastKnownFileType = file.xib; path = FavoriteTableViewCell.xib; sourceTree = "<group>"; };
		A666BA9421BF56F600F078F0 /* DiningHallsViewController.swift */ = {isa = PBXFileReference; lastKnownFileType = sourcecode.swift; path = DiningHallsViewController.swift; sourceTree = "<group>"; };
		A666BA9521BF56F600F078F0 /* DiningHallsViewController.xib */ = {isa = PBXFileReference; lastKnownFileType = file.xib; path = DiningHallsViewController.xib; sourceTree = "<group>"; };
		A67DA85D21C0B0B80011D91B /* DiningHallTableViewCell.swift */ = {isa = PBXFileReference; lastKnownFileType = sourcecode.swift; path = DiningHallTableViewCell.swift; sourceTree = "<group>"; };
		A67DA85E21C0B0B80011D91B /* DiningHallTableViewCell.xib */ = {isa = PBXFileReference; lastKnownFileType = file.xib; path = DiningHallTableViewCell.xib; sourceTree = "<group>"; };
		A681C35221C6CF85002A44E4 /* MealSelectionBarCell.swift */ = {isa = PBXFileReference; lastKnownFileType = sourcecode.swift; path = MealSelectionBarCell.swift; sourceTree = "<group>"; };
		A681C35321C6CF85002A44E4 /* MealSelectionBarCell.xib */ = {isa = PBXFileReference; lastKnownFileType = file.xib; path = MealSelectionBarCell.xib; sourceTree = "<group>"; };
		A6D01A0B21C885BC007BD8E1 /* MealOptionsCell.swift */ = {isa = PBXFileReference; lastKnownFileType = sourcecode.swift; path = MealOptionsCell.swift; sourceTree = "<group>"; };
		A6D01A0C21C885BC007BD8E1 /* MealOptionsCell.xib */ = {isa = PBXFileReference; lastKnownFileType = file.xib; path = MealOptionsCell.xib; sourceTree = "<group>"; };
		A6D01A1221C88A38007BD8E1 /* OptionTableViewCell.swift */ = {isa = PBXFileReference; lastKnownFileType = sourcecode.swift; path = OptionTableViewCell.swift; sourceTree = "<group>"; };
		A6D01A1321C88A38007BD8E1 /* OptionTableViewCell.xib */ = {isa = PBXFileReference; lastKnownFileType = file.xib; path = OptionTableViewCell.xib; sourceTree = "<group>"; };
		A6F34EE321BA158200CD3B32 /* DiningPaws.app */ = {isa = PBXFileReference; explicitFileType = wrapper.application; includeInIndex = 0; path = DiningPaws.app; sourceTree = BUILT_PRODUCTS_DIR; };
		A6F34EE621BA158200CD3B32 /* AppDelegate.swift */ = {isa = PBXFileReference; lastKnownFileType = sourcecode.swift; path = AppDelegate.swift; sourceTree = "<group>"; };
		A6F34EED21BA158300CD3B32 /* Assets.xcassets */ = {isa = PBXFileReference; lastKnownFileType = folder.assetcatalog; path = Assets.xcassets; sourceTree = "<group>"; };
		A6F34EF021BA158300CD3B32 /* Base */ = {isa = PBXFileReference; lastKnownFileType = file.storyboard; name = Base; path = Base.lproj/LaunchScreen.storyboard; sourceTree = "<group>"; };
		A6F34EF221BA158300CD3B32 /* Info.plist */ = {isa = PBXFileReference; lastKnownFileType = text.plist.xml; name = Info.plist; path = DiningPaws/Resources/Info.plist; sourceTree = SOURCE_ROOT; };
		A6F34F0621BA186D00CD3B32 /* MenuClient.swift */ = {isa = PBXFileReference; lastKnownFileType = sourcecode.swift; path = MenuClient.swift; sourceTree = "<group>"; };
		A6F34F0821BA1A4900CD3B32 /* DiningHall.swift */ = {isa = PBXFileReference; lastKnownFileType = sourcecode.swift; path = DiningHall.swift; sourceTree = "<group>"; };
		A6F34F0B21BA1C4500CD3B32 /* Day.swift */ = {isa = PBXFileReference; lastKnownFileType = sourcecode.swift; path = Day.swift; sourceTree = "<group>"; };
		A6F34F0D21BA1C5400CD3B32 /* Meal.swift */ = {isa = PBXFileReference; lastKnownFileType = sourcecode.swift; path = Meal.swift; sourceTree = "<group>"; };
		A6F34F0F21BA1D5800CD3B32 /* Station.swift */ = {isa = PBXFileReference; lastKnownFileType = sourcecode.swift; path = Station.swift; sourceTree = "<group>"; };
		A6F34F1121BA229000CD3B32 /* HTMLParser.swift */ = {isa = PBXFileReference; lastKnownFileType = sourcecode.swift; path = HTMLParser.swift; sourceTree = "<group>"; };
		A6F34F1521BA261A00CD3B32 /* Campus.swift */ = {isa = PBXFileReference; lastKnownFileType = sourcecode.swift; path = Campus.swift; sourceTree = "<group>"; };
		A6FE50D821BEE1EC0071C67F /* DiningPaws+Date.swift */ = {isa = PBXFileReference; lastKnownFileType = sourcecode.swift; path = "DiningPaws+Date.swift"; sourceTree = "<group>"; };
		A6FE50DF21BEF8C10071C67F /* Default-568h@2x.png */ = {isa = PBXFileReference; lastKnownFileType = image.png; path = "Default-568h@2x.png"; sourceTree = "<group>"; };
		A6FE50E521BEFC2D0071C67F /* DiningPawsTests.xctest */ = {isa = PBXFileReference; explicitFileType = wrapper.cfbundle; includeInIndex = 0; path = DiningPawsTests.xctest; sourceTree = BUILT_PRODUCTS_DIR; };
		A6FE50E921BEFC2D0071C67F /* Info.plist */ = {isa = PBXFileReference; lastKnownFileType = text.plist.xml; path = Info.plist; sourceTree = "<group>"; };
/* End PBXFileReference section */

/* Begin PBXFrameworksBuildPhase section */
		A6F34EE021BA158200CD3B32 /* Frameworks */ = {
			isa = PBXFrameworksBuildPhase;
			buildActionMask = 2147483647;
			files = (
			);
			runOnlyForDeploymentPostprocessing = 0;
		};
		A6FE50E221BEFC2D0071C67F /* Frameworks */ = {
			isa = PBXFrameworksBuildPhase;
			buildActionMask = 2147483647;
			files = (
			);
			runOnlyForDeploymentPostprocessing = 0;
		};
/* End PBXFrameworksBuildPhase section */

/* Begin PBXGroup section */
		A605F72221C211EA0055D618 /* Model */ = {
			isa = PBXGroup;
			children = (
				A648403221C4059300AB5B96 /* UserTests.swift */,
				A648403621C405CF00AB5B96 /* CampusTests.swift */,
				A648403821C405E000AB5B96 /* DiningHallTests.swift */,
				A648403A21C405F000AB5B96 /* DayTests.swift */,
				A648403C21C4060600AB5B96 /* MealTests.swift */,
				A648403E21C4061800AB5B96 /* StationTests.swift */,
				A648404021C4062F00AB5B96 /* UConnTests.swift */,
				A648404221C4064300AB5B96 /* MenuClientTests.swift */,
				A648404421C4065300AB5B96 /* HTMLParserTests.swift */,
				A648404621C4067000AB5B96 /* DiningHall+DateTests.swift */,
			);
			path = Model;
			sourceTree = "<group>";
		};
		A605F72321C211F70055D618 /* Controller */ = {
			isa = PBXGroup;
			children = (
			);
			path = Controller;
			sourceTree = "<group>";
		};
		A65819CF21C4921300EF10BA /* Frameworks */ = {
			isa = PBXGroup;
			children = (
			);
			name = Frameworks;
			sourceTree = "<group>";
		};
		A6D01A0F21C8897C007BD8E1 /* Controllers */ = {
			isa = PBXGroup;
			children = (
				A666BA9521BF56F600F078F0 /* DiningHallsViewController.xib */,
				A66533B321C5FB09002D65C8 /* DayViewController.xib */,
			);
			name = Controllers;
			sourceTree = "<group>";
		};
		A6D01A1021C889A3007BD8E1 /* TableViewCells */ = {
			isa = PBXGroup;
			children = (
				A66533B821C600E2002D65C8 /* FavoriteTableViewCell.swift */,
				A67DA85E21C0B0B80011D91B /* DiningHallTableViewCell.xib */,
				A66533B921C600E2002D65C8 /* FavoriteTableViewCell.xib */,
				A67DA85D21C0B0B80011D91B /* DiningHallTableViewCell.swift */,
				A6D01A1221C88A38007BD8E1 /* OptionTableViewCell.swift */,
				A6D01A1321C88A38007BD8E1 /* OptionTableViewCell.xib */,
			);
			name = TableViewCells;
			sourceTree = "<group>";
		};
		A6D01A1121C889D0007BD8E1 /* CollectionViewCells */ = {
			isa = PBXGroup;
			children = (
				A681C35221C6CF85002A44E4 /* MealSelectionBarCell.swift */,
				A681C35321C6CF85002A44E4 /* MealSelectionBarCell.xib */,
				A6D01A0B21C885BC007BD8E1 /* MealOptionsCell.swift */,
				A6D01A0C21C885BC007BD8E1 /* MealOptionsCell.xib */,
			);
			name = CollectionViewCells;
			sourceTree = "<group>";
		};
		A6F34EDA21BA158200CD3B32 = {
			isa = PBXGroup;
			children = (
				A6F34EE521BA158200CD3B32 /* DiningPaws */,
				A6FE50E621BEFC2D0071C67F /* DiningPawsTests */,
				A6F34EE421BA158200CD3B32 /* Products */,
				A65819CF21C4921300EF10BA /* Frameworks */,
			);
			sourceTree = "<group>";
		};
		A6F34EE421BA158200CD3B32 /* Products */ = {
			isa = PBXGroup;
			children = (
				A6F34EE321BA158200CD3B32 /* DiningPaws.app */,
				A6FE50E521BEFC2D0071C67F /* DiningPawsTests.xctest */,
			);
			name = Products;
			sourceTree = "<group>";
		};
		A6F34EE521BA158200CD3B32 /* DiningPaws */ = {
			isa = PBXGroup;
			children = (
				A6F34EE621BA158200CD3B32 /* AppDelegate.swift */,
				A6F34F0A21BA1C2000CD3B32 /* Model */,
				A6FE50DB21BEE9510071C67F /* View */,
				A6FE50DC21BEE9680071C67F /* Controller */,
				A6FE50DA21BEE9400071C67F /* Resources */,
			);
			path = DiningPaws;
			sourceTree = "<group>";
		};
		A6F34F0A21BA1C2000CD3B32 /* Model */ = {
			isa = PBXGroup;
			children = (
				A60D259121C2069000F2BA0D /* User.swift */,
				A6F34F1521BA261A00CD3B32 /* Campus.swift */,
				A6F34F0821BA1A4900CD3B32 /* DiningHall.swift */,
				A6F34F0B21BA1C4500CD3B32 /* Day.swift */,
				A6F34F0D21BA1C5400CD3B32 /* Meal.swift */,
				A6F34F0F21BA1D5800CD3B32 /* Station.swift */,
				A610F77021BC123700A98DCD /* UConn.swift */,
				A6F34F0621BA186D00CD3B32 /* MenuClient.swift */,
				A6F34F1121BA229000CD3B32 /* HTMLParser.swift */,
				A6FE50D821BEE1EC0071C67F /* DiningPaws+Date.swift */,
			);
			path = Model;
			sourceTree = "<group>";
		};
		A6FE50DA21BEE9400071C67F /* Resources */ = {
			isa = PBXGroup;
			children = (
				A6FE50DF21BEF8C10071C67F /* Default-568h@2x.png */,
				A6F34EED21BA158300CD3B32 /* Assets.xcassets */,
				A6F34EEF21BA158300CD3B32 /* LaunchScreen.storyboard */,
				A6F34EF221BA158300CD3B32 /* Info.plist */,
			);
			path = Resources;
			sourceTree = "<group>";
		};
		A6FE50DB21BEE9510071C67F /* View */ = {
			isa = PBXGroup;
			children = (
				A6D01A0F21C8897C007BD8E1 /* Controllers */,
				A6D01A1021C889A3007BD8E1 /* TableViewCells */,
				A6D01A1121C889D0007BD8E1 /* CollectionViewCells */,
			);
			path = View;
			sourceTree = "<group>";
		};
		A6FE50DC21BEE9680071C67F /* Controller */ = {
			isa = PBXGroup;
			children = (
				A66533B621C5FC2B002D65C8 /* FavoritesTableViewController.swift */,
				A643AEE021C350E900C17808 /* CampusPageViewController.swift */,
				A666BA9421BF56F600F078F0 /* DiningHallsViewController.swift */,
				A66533B221C5FB09002D65C8 /* DayViewController.swift */,
			);
			path = Controller;
			sourceTree = "<group>";
		};
		A6FE50E621BEFC2D0071C67F /* DiningPawsTests */ = {
			isa = PBXGroup;
			children = (
				A605F72221C211EA0055D618 /* Model */,
				A605F72321C211F70055D618 /* Controller */,
				A6FE50E921BEFC2D0071C67F /* Info.plist */,
			);
			path = DiningPawsTests;
			sourceTree = "<group>";
		};
/* End PBXGroup section */

/* Begin PBXNativeTarget section */
		A6F34EE221BA158200CD3B32 /* DiningPaws */ = {
			isa = PBXNativeTarget;
			buildConfigurationList = A6F34F0021BA158300CD3B32 /* Build configuration list for PBXNativeTarget "DiningPaws" */;
			buildPhases = (
				A6F34EDF21BA158200CD3B32 /* Sources */,
				A6F34EE021BA158200CD3B32 /* Frameworks */,
				A6F34EE121BA158200CD3B32 /* Resources */,
			);
			buildRules = (
			);
			dependencies = (
			);
			name = DiningPaws;
			productName = "dining-paws-2.0";
			productReference = A6F34EE321BA158200CD3B32 /* DiningPaws.app */;
			productType = "com.apple.product-type.application";
		};
		A6FE50E421BEFC2D0071C67F /* DiningPawsTests */ = {
			isa = PBXNativeTarget;
			buildConfigurationList = A6FE50EC21BEFC2D0071C67F /* Build configuration list for PBXNativeTarget "DiningPawsTests" */;
			buildPhases = (
				A6FE50E121BEFC2D0071C67F /* Sources */,
				A6FE50E221BEFC2D0071C67F /* Frameworks */,
				A6FE50E321BEFC2D0071C67F /* Resources */,
			);
			buildRules = (
			);
			dependencies = (
				A6FE50EB21BEFC2D0071C67F /* PBXTargetDependency */,
			);
			name = DiningPawsTests;
			productName = DiningPawsTests;
			productReference = A6FE50E521BEFC2D0071C67F /* DiningPawsTests.xctest */;
			productType = "com.apple.product-type.bundle.unit-test";
		};
/* End PBXNativeTarget section */

/* Begin PBXProject section */
		A6F34EDB21BA158200CD3B32 /* Project object */ = {
			isa = PBXProject;
			attributes = {
				LastSwiftUpdateCheck = 1010;
				LastUpgradeCheck = 1010;
				ORGANIZATIONNAME = Aktrapp;
				TargetAttributes = {
					A6F34EE221BA158200CD3B32 = {
						CreatedOnToolsVersion = 10.1;
						SystemCapabilities = {
							com.apple.GameCenter.iOS = {
								enabled = 0;
							};
							com.apple.iCloud = {
								enabled = 0;
							};
						};
					};
					A6FE50E421BEFC2D0071C67F = {
						CreatedOnToolsVersion = 10.1;
						TestTargetID = A6F34EE221BA158200CD3B32;
					};
				};
			};
			buildConfigurationList = A6F34EDE21BA158200CD3B32 /* Build configuration list for PBXProject "DiningPaws" */;
			compatibilityVersion = "Xcode 9.3";
			developmentRegion = en;
			hasScannedForEncodings = 0;
			knownRegions = (
				en,
				Base,
			);
			mainGroup = A6F34EDA21BA158200CD3B32;
			productRefGroup = A6F34EE421BA158200CD3B32 /* Products */;
			projectDirPath = "";
			projectRoot = "";
			targets = (
				A6F34EE221BA158200CD3B32 /* DiningPaws */,
				A6FE50E421BEFC2D0071C67F /* DiningPawsTests */,
			);
		};
/* End PBXProject section */

/* Begin PBXResourcesBuildPhase section */
		A6F34EE121BA158200CD3B32 /* Resources */ = {
			isa = PBXResourcesBuildPhase;
			buildActionMask = 2147483647;
			files = (
				A6F34EF121BA158300CD3B32 /* LaunchScreen.storyboard in Resources */,
				A6F34EEE21BA158300CD3B32 /* Assets.xcassets in Resources */,
				A6D01A1521C88A38007BD8E1 /* OptionTableViewCell.xib in Resources */,
				A6D01A0E21C885BC007BD8E1 /* MealOptionsCell.xib in Resources */,
				A666BA9721BF56F600F078F0 /* DiningHallsViewController.xib in Resources */,
				A681C35521C6CF85002A44E4 /* MealSelectionBarCell.xib in Resources */,
				A66533B521C5FB09002D65C8 /* DayViewController.xib in Resources */,
				A6FE50E021BEF8C10071C67F /* Default-568h@2x.png in Resources */,
				A66533BB21C600E2002D65C8 /* FavoriteTableViewCell.xib in Resources */,
				A67DA86021C0B0B80011D91B /* DiningHallTableViewCell.xib in Resources */,
			);
			runOnlyForDeploymentPostprocessing = 0;
		};
		A6FE50E321BEFC2D0071C67F /* Resources */ = {
			isa = PBXResourcesBuildPhase;
			buildActionMask = 2147483647;
			files = (
			);
			runOnlyForDeploymentPostprocessing = 0;
		};
/* End PBXResourcesBuildPhase section */

/* Begin PBXSourcesBuildPhase section */
		A6F34EDF21BA158200CD3B32 /* Sources */ = {
			isa = PBXSourcesBuildPhase;
			buildActionMask = 2147483647;
			files = (
				A6D01A1421C88A38007BD8E1 /* OptionTableViewCell.swift in Sources */,
				A60D259221C2069000F2BA0D /* User.swift in Sources */,
				A6F34F1621BA261A00CD3B32 /* Campus.swift in Sources */,
				A666BA9621BF56F600F078F0 /* DiningHallsViewController.swift in Sources */,
				A66533B721C5FC2B002D65C8 /* FavoritesTableViewController.swift in Sources */,
				A6FE50D921BEE1EC0071C67F /* DiningPaws+Date.swift in Sources */,
				A6F34F0E21BA1C5400CD3B32 /* Meal.swift in Sources */,
				A66533BA21C600E2002D65C8 /* FavoriteTableViewCell.swift in Sources */,
				A6F34F0921BA1A4900CD3B32 /* DiningHall.swift in Sources */,
				A67DA85F21C0B0B80011D91B /* DiningHallTableViewCell.swift in Sources */,
				A6F34EE721BA158200CD3B32 /* AppDelegate.swift in Sources */,
				A6F34F0C21BA1C4500CD3B32 /* Day.swift in Sources */,
				A6F34F1221BA229000CD3B32 /* HTMLParser.swift in Sources */,
				A6F34F1021BA1D5800CD3B32 /* Station.swift in Sources */,
				A681C35421C6CF85002A44E4 /* MealSelectionBarCell.swift in Sources */,
				A66533B421C5FB09002D65C8 /* DayViewController.swift in Sources */,
				A610F77121BC123700A98DCD /* UConn.swift in Sources */,
				A6F34F0721BA186D00CD3B32 /* MenuClient.swift in Sources */,
				A643AEE221C350E900C17808 /* CampusPageViewController.swift in Sources */,
				A6D01A0D21C885BC007BD8E1 /* MealOptionsCell.swift in Sources */,
			);
			runOnlyForDeploymentPostprocessing = 0;
		};
		A6FE50E121BEFC2D0071C67F /* Sources */ = {
			isa = PBXSourcesBuildPhase;
			buildActionMask = 2147483647;
			files = (
				A648403D21C4060600AB5B96 /* MealTests.swift in Sources */,
				A648404521C4065300AB5B96 /* HTMLParserTests.swift in Sources */,
				A648404121C4062F00AB5B96 /* UConnTests.swift in Sources */,
				A648403B21C405F000AB5B96 /* DayTests.swift in Sources */,
				A648403721C405CF00AB5B96 /* CampusTests.swift in Sources */,
				A648403F21C4061800AB5B96 /* StationTests.swift in Sources */,
				A648404321C4064300AB5B96 /* MenuClientTests.swift in Sources */,
				A648403921C405E000AB5B96 /* DiningHallTests.swift in Sources */,
				A648403321C4059300AB5B96 /* UserTests.swift in Sources */,
				A648404721C4067000AB5B96 /* DiningHall+DateTests.swift in Sources */,
			);
			runOnlyForDeploymentPostprocessing = 0;
		};
/* End PBXSourcesBuildPhase section */

/* Begin PBXTargetDependency section */
		A6FE50EB21BEFC2D0071C67F /* PBXTargetDependency */ = {
			isa = PBXTargetDependency;
			target = A6F34EE221BA158200CD3B32 /* DiningPaws */;
			targetProxy = A6FE50EA21BEFC2D0071C67F /* PBXContainerItemProxy */;
		};
/* End PBXTargetDependency section */

/* Begin PBXVariantGroup section */
		A6F34EEF21BA158300CD3B32 /* LaunchScreen.storyboard */ = {
			isa = PBXVariantGroup;
			children = (
				A6F34EF021BA158300CD3B32 /* Base */,
			);
			name = LaunchScreen.storyboard;
			sourceTree = "<group>";
		};
/* End PBXVariantGroup section */

/* Begin XCBuildConfiguration section */
		A6F34EFE21BA158300CD3B32 /* Debug */ = {
			isa = XCBuildConfiguration;
			buildSettings = {
				ALWAYS_SEARCH_USER_PATHS = NO;
				CLANG_ANALYZER_NONNULL = YES;
				CLANG_ANALYZER_NUMBER_OBJECT_CONVERSION = YES_AGGRESSIVE;
				CLANG_CXX_LANGUAGE_STANDARD = "gnu++14";
				CLANG_CXX_LIBRARY = "libc++";
				CLANG_ENABLE_MODULES = YES;
				CLANG_ENABLE_OBJC_ARC = YES;
				CLANG_ENABLE_OBJC_WEAK = YES;
				CLANG_WARN_BLOCK_CAPTURE_AUTORELEASING = YES;
				CLANG_WARN_BOOL_CONVERSION = YES;
				CLANG_WARN_COMMA = YES;
				CLANG_WARN_CONSTANT_CONVERSION = YES;
				CLANG_WARN_DEPRECATED_OBJC_IMPLEMENTATIONS = YES;
				CLANG_WARN_DIRECT_OBJC_ISA_USAGE = YES_ERROR;
				CLANG_WARN_DOCUMENTATION_COMMENTS = YES;
				CLANG_WARN_EMPTY_BODY = YES;
				CLANG_WARN_ENUM_CONVERSION = YES;
				CLANG_WARN_INFINITE_RECURSION = YES;
				CLANG_WARN_INT_CONVERSION = YES;
				CLANG_WARN_NON_LITERAL_NULL_CONVERSION = YES;
				CLANG_WARN_OBJC_IMPLICIT_RETAIN_SELF = YES;
				CLANG_WARN_OBJC_LITERAL_CONVERSION = YES;
				CLANG_WARN_OBJC_ROOT_CLASS = YES_ERROR;
				CLANG_WARN_RANGE_LOOP_ANALYSIS = YES;
				CLANG_WARN_STRICT_PROTOTYPES = YES;
				CLANG_WARN_SUSPICIOUS_MOVE = YES;
				CLANG_WARN_UNGUARDED_AVAILABILITY = YES_AGGRESSIVE;
				CLANG_WARN_UNREACHABLE_CODE = YES;
				CLANG_WARN__DUPLICATE_METHOD_MATCH = YES;
				CODE_SIGN_IDENTITY = "iPhone Developer";
				COPY_PHASE_STRIP = NO;
				DEBUG_INFORMATION_FORMAT = dwarf;
				ENABLE_STRICT_OBJC_MSGSEND = YES;
				ENABLE_TESTABILITY = YES;
				GCC_C_LANGUAGE_STANDARD = gnu11;
				GCC_DYNAMIC_NO_PIC = NO;
				GCC_NO_COMMON_BLOCKS = YES;
				GCC_OPTIMIZATION_LEVEL = 0;
				GCC_PREPROCESSOR_DEFINITIONS = (
					"DEBUG=1",
					"$(inherited)",
				);
				GCC_WARN_64_TO_32_BIT_CONVERSION = YES;
				GCC_WARN_ABOUT_RETURN_TYPE = YES_ERROR;
				GCC_WARN_UNDECLARED_SELECTOR = YES;
				GCC_WARN_UNINITIALIZED_AUTOS = YES_AGGRESSIVE;
				GCC_WARN_UNUSED_FUNCTION = YES;
				GCC_WARN_UNUSED_VARIABLE = YES;
				IPHONEOS_DEPLOYMENT_TARGET = 12.1;
				MTL_ENABLE_DEBUG_INFO = INCLUDE_SOURCE;
				MTL_FAST_MATH = YES;
				ONLY_ACTIVE_ARCH = YES;
				SDKROOT = iphoneos;
				SWIFT_ACTIVE_COMPILATION_CONDITIONS = DEBUG;
				SWIFT_OPTIMIZATION_LEVEL = "-Onone";
			};
			name = Debug;
		};
		A6F34EFF21BA158300CD3B32 /* Release */ = {
			isa = XCBuildConfiguration;
			buildSettings = {
				ALWAYS_SEARCH_USER_PATHS = NO;
				CLANG_ANALYZER_NONNULL = YES;
				CLANG_ANALYZER_NUMBER_OBJECT_CONVERSION = YES_AGGRESSIVE;
				CLANG_CXX_LANGUAGE_STANDARD = "gnu++14";
				CLANG_CXX_LIBRARY = "libc++";
				CLANG_ENABLE_MODULES = YES;
				CLANG_ENABLE_OBJC_ARC = YES;
				CLANG_ENABLE_OBJC_WEAK = YES;
				CLANG_WARN_BLOCK_CAPTURE_AUTORELEASING = YES;
				CLANG_WARN_BOOL_CONVERSION = YES;
				CLANG_WARN_COMMA = YES;
				CLANG_WARN_CONSTANT_CONVERSION = YES;
				CLANG_WARN_DEPRECATED_OBJC_IMPLEMENTATIONS = YES;
				CLANG_WARN_DIRECT_OBJC_ISA_USAGE = YES_ERROR;
				CLANG_WARN_DOCUMENTATION_COMMENTS = YES;
				CLANG_WARN_EMPTY_BODY = YES;
				CLANG_WARN_ENUM_CONVERSION = YES;
				CLANG_WARN_INFINITE_RECURSION = YES;
				CLANG_WARN_INT_CONVERSION = YES;
				CLANG_WARN_NON_LITERAL_NULL_CONVERSION = YES;
				CLANG_WARN_OBJC_IMPLICIT_RETAIN_SELF = YES;
				CLANG_WARN_OBJC_LITERAL_CONVERSION = YES;
				CLANG_WARN_OBJC_ROOT_CLASS = YES_ERROR;
				CLANG_WARN_RANGE_LOOP_ANALYSIS = YES;
				CLANG_WARN_STRICT_PROTOTYPES = YES;
				CLANG_WARN_SUSPICIOUS_MOVE = YES;
				CLANG_WARN_UNGUARDED_AVAILABILITY = YES_AGGRESSIVE;
				CLANG_WARN_UNREACHABLE_CODE = YES;
				CLANG_WARN__DUPLICATE_METHOD_MATCH = YES;
				CODE_SIGN_IDENTITY = "iPhone Developer";
				COPY_PHASE_STRIP = NO;
				DEBUG_INFORMATION_FORMAT = "dwarf-with-dsym";
				ENABLE_NS_ASSERTIONS = NO;
				ENABLE_STRICT_OBJC_MSGSEND = YES;
				GCC_C_LANGUAGE_STANDARD = gnu11;
				GCC_NO_COMMON_BLOCKS = YES;
				GCC_WARN_64_TO_32_BIT_CONVERSION = YES;
				GCC_WARN_ABOUT_RETURN_TYPE = YES_ERROR;
				GCC_WARN_UNDECLARED_SELECTOR = YES;
				GCC_WARN_UNINITIALIZED_AUTOS = YES_AGGRESSIVE;
				GCC_WARN_UNUSED_FUNCTION = YES;
				GCC_WARN_UNUSED_VARIABLE = YES;
				IPHONEOS_DEPLOYMENT_TARGET = 12.1;
				MTL_ENABLE_DEBUG_INFO = NO;
				MTL_FAST_MATH = YES;
				SDKROOT = iphoneos;
				SWIFT_COMPILATION_MODE = wholemodule;
				SWIFT_OPTIMIZATION_LEVEL = "-O";
				VALIDATE_PRODUCT = YES;
			};
			name = Release;
		};
		A6F34F0121BA158300CD3B32 /* Debug */ = {
			isa = XCBuildConfiguration;
			buildSettings = {
				ASSETCATALOG_COMPILER_APPICON_NAME = AppIcon;
				CODE_SIGN_IDENTITY = "iPhone Developer";
				CODE_SIGN_STYLE = Automatic;
				DEVELOPMENT_TEAM = 6PQJ4KYE37;
				INFOPLIST_FILE = "$(SRCROOT)/DiningPaws/Resources/Info.plist";
				LD_RUNPATH_SEARCH_PATHS = (
					"$(inherited)",
					"@executable_path/Frameworks",
				);
				PRODUCT_BUNDLE_IDENTIFIER = com.DiningPaws2.0;
				PRODUCT_NAME = "$(TARGET_NAME)";
				PROVISIONING_PROFILE_SPECIFIER = "";
				SWIFT_VERSION = 4.2;
				TARGETED_DEVICE_FAMILY = "1,2";
			};
			name = Debug;
		};
		A6F34F0221BA158300CD3B32 /* Release */ = {
			isa = XCBuildConfiguration;
			buildSettings = {
				ASSETCATALOG_COMPILER_APPICON_NAME = AppIcon;
				CODE_SIGN_IDENTITY = "iPhone Developer";
				CODE_SIGN_STYLE = Automatic;
				DEVELOPMENT_TEAM = 6PQJ4KYE37;
				INFOPLIST_FILE = "$(SRCROOT)/DiningPaws/Resources/Info.plist";
				LD_RUNPATH_SEARCH_PATHS = (
					"$(inherited)",
					"@executable_path/Frameworks",
				);
				PRODUCT_BUNDLE_IDENTIFIER = com.DiningPaws2.0;
				PRODUCT_NAME = "$(TARGET_NAME)";
				PROVISIONING_PROFILE_SPECIFIER = "";
				SWIFT_VERSION = 4.2;
				TARGETED_DEVICE_FAMILY = "1,2";
			};
			name = Release;
		};
		A6FE50ED21BEFC2D0071C67F /* Debug */ = {
			isa = XCBuildConfiguration;
			buildSettings = {
				BUNDLE_LOADER = "$(TEST_HOST)";
				CODE_SIGN_STYLE = Automatic;
				DEVELOPMENT_TEAM = 6PQJ4KYE37;
				INFOPLIST_FILE = DiningPawsTests/Info.plist;
				LD_RUNPATH_SEARCH_PATHS = (
					"$(inherited)",
					"@executable_path/Frameworks",
					"@loader_path/Frameworks",
				);
				PRODUCT_BUNDLE_IDENTIFIER = com.Aktrapp.DiningPawsTests;
				PRODUCT_NAME = "$(TARGET_NAME)";
				SWIFT_VERSION = 4.2;
				TARGETED_DEVICE_FAMILY = "1,2";
				TEST_HOST = "$(BUILT_PRODUCTS_DIR)/DiningPaws.app/DiningPaws";
			};
			name = Debug;
		};
		A6FE50EE21BEFC2D0071C67F /* Release */ = {
			isa = XCBuildConfiguration;
			buildSettings = {
				BUNDLE_LOADER = "$(TEST_HOST)";
				CODE_SIGN_STYLE = Automatic;
				DEVELOPMENT_TEAM = 6PQJ4KYE37;
				INFOPLIST_FILE = DiningPawsTests/Info.plist;
				LD_RUNPATH_SEARCH_PATHS = (
					"$(inherited)",
					"@executable_path/Frameworks",
					"@loader_path/Frameworks",
				);
				PRODUCT_BUNDLE_IDENTIFIER = com.Aktrapp.DiningPawsTests;
				PRODUCT_NAME = "$(TARGET_NAME)";
				SWIFT_VERSION = 4.2;
				TARGETED_DEVICE_FAMILY = "1,2";
				TEST_HOST = "$(BUILT_PRODUCTS_DIR)/DiningPaws.app/DiningPaws";
			};
			name = Release;
		};
/* End XCBuildConfiguration section */

/* Begin XCConfigurationList section */
		A6F34EDE21BA158200CD3B32 /* Build configuration list for PBXProject "DiningPaws" */ = {
			isa = XCConfigurationList;
			buildConfigurations = (
				A6F34EFE21BA158300CD3B32 /* Debug */,
				A6F34EFF21BA158300CD3B32 /* Release */,
			);
			defaultConfigurationIsVisible = 0;
			defaultConfigurationName = Release;
		};
		A6F34F0021BA158300CD3B32 /* Build configuration list for PBXNativeTarget "DiningPaws" */ = {
			isa = XCConfigurationList;
			buildConfigurations = (
				A6F34F0121BA158300CD3B32 /* Debug */,
				A6F34F0221BA158300CD3B32 /* Release */,
			);
			defaultConfigurationIsVisible = 0;
			defaultConfigurationName = Release;
		};
		A6FE50EC21BEFC2D0071C67F /* Build configuration list for PBXNativeTarget "DiningPawsTests" */ = {
			isa = XCConfigurationList;
			buildConfigurations = (
				A6FE50ED21BEFC2D0071C67F /* Debug */,
				A6FE50EE21BEFC2D0071C67F /* Release */,
			);
			defaultConfigurationIsVisible = 0;
			defaultConfigurationName = Release;
		};
/* End XCConfigurationList section */
	};
	rootObject = A6F34EDB21BA158200CD3B32 /* Project object */;
}
